// !$*UTF8*$!
{
	archiveVersion = 1;
	classes = {
	};
	objectVersion = 50;
	objects = {

/* Begin PBXBuildFile section */
		11659AA725ACC34300F5D7F2 /* ReadMeApp.swift in Sources */ = {isa = PBXBuildFile; fileRef = 11659AA625ACC34300F5D7F2 /* ReadMeApp.swift */; };
		11659AA925ACC34300F5D7F2 /* ContentView.swift in Sources */ = {isa = PBXBuildFile; fileRef = 11659AA825ACC34300F5D7F2 /* ContentView.swift */; };
		11659AAB25ACC34500F5D7F2 /* Assets.xcassets in Resources */ = {isa = PBXBuildFile; fileRef = 11659AAA25ACC34500F5D7F2 /* Assets.xcassets */; };
		11659AAE25ACC34500F5D7F2 /* Preview Assets.xcassets in Resources */ = {isa = PBXBuildFile; fileRef = 11659AAD25ACC34500F5D7F2 /* Preview Assets.xcassets */; };
		11659AB725ACC3EC00F5D7F2 /* Constants.swift in Sources */ = {isa = PBXBuildFile; fileRef = 11659AB625ACC3EC00F5D7F2 /* Constants.swift */; };
		11659ABA25ACC71C00F5D7F2 /* Book.swift in Sources */ = {isa = PBXBuildFile; fileRef = 11659AB925ACC71C00F5D7F2 /* Book.swift */; };
		11659ABF25ACC80800F5D7F2 /* BookViews.swift in Sources */ = {isa = PBXBuildFile; fileRef = 11659ABE25ACC80800F5D7F2 /* BookViews.swift */; };
		116DF5FD25B7141B0086BCDA /* Library.swift in Sources */ = {isa = PBXBuildFile; fileRef = 116DF5FC25B7141B0086BCDA /* Library.swift */; };
		116DF60325B716710086BCDA /* DetailView.swift in Sources */ = {isa = PBXBuildFile; fileRef = 116DF60225B716710086BCDA /* DetailView.swift */; };
		11B6ACEE25B71CED00B45BC4 /* TitleAndAuthorView.swift in Sources */ = {isa = PBXBuildFile; fileRef = 11B6ACED25B71CED00B45BC4 /* TitleAndAuthorView.swift */; };
		11B6ACF225B7439B00B45BC4 /* PHPickerViewController.swift in Sources */ = {isa = PBXBuildFile; fileRef = 11B6ACF125B7439B00B45BC4 /* PHPickerViewController.swift */; };
		11CCABC225ADE0A100BB8D95 /* BookRowView.swift in Sources */ = {isa = PBXBuildFile; fileRef = 11CCABC125ADE0A100BB8D95 /* BookRowView.swift */; };
/* End PBXBuildFile section */

/* Begin PBXFileReference section */
		11659AA325ACC34300F5D7F2 /* ReadMe.app */ = {isa = PBXFileReference; explicitFileType = wrapper.application; includeInIndex = 0; path = ReadMe.app; sourceTree = BUILT_PRODUCTS_DIR; };
		11659AA625ACC34300F5D7F2 /* ReadMeApp.swift */ = {isa = PBXFileReference; lastKnownFileType = sourcecode.swift; path = ReadMeApp.swift; sourceTree = "<group>"; };
		11659AA825ACC34300F5D7F2 /* ContentView.swift */ = {isa = PBXFileReference; lastKnownFileType = sourcecode.swift; path = ContentView.swift; sourceTree = "<group>"; };
		11659AAA25ACC34500F5D7F2 /* Assets.xcassets */ = {isa = PBXFileReference; lastKnownFileType = folder.assetcatalog; path = Assets.xcassets; sourceTree = "<group>"; };
		11659AAD25ACC34500F5D7F2 /* Preview Assets.xcassets */ = {isa = PBXFileReference; lastKnownFileType = folder.assetcatalog; path = "Preview Assets.xcassets"; sourceTree = "<group>"; };
		11659AAF25ACC34500F5D7F2 /* Info.plist */ = {isa = PBXFileReference; lastKnownFileType = text.plist.xml; path = Info.plist; sourceTree = "<group>"; };
		11659AB625ACC3EC00F5D7F2 /* Constants.swift */ = {isa = PBXFileReference; lastKnownFileType = sourcecode.swift; path = Constants.swift; sourceTree = "<group>"; };
		11659AB925ACC71C00F5D7F2 /* Book.swift */ = {isa = PBXFileReference; lastKnownFileType = sourcecode.swift; path = Book.swift; sourceTree = "<group>"; };
		11659ABE25ACC80800F5D7F2 /* BookViews.swift */ = {isa = PBXFileReference; lastKnownFileType = sourcecode.swift; path = BookViews.swift; sourceTree = "<group>"; };
		116DF5FC25B7141B0086BCDA /* Library.swift */ = {isa = PBXFileReference; lastKnownFileType = sourcecode.swift; path = Library.swift; sourceTree = "<group>"; };
		116DF60225B716710086BCDA /* DetailView.swift */ = {isa = PBXFileReference; lastKnownFileType = sourcecode.swift; path = DetailView.swift; sourceTree = "<group>"; };
		11B6ACED25B71CED00B45BC4 /* TitleAndAuthorView.swift */ = {isa = PBXFileReference; lastKnownFileType = sourcecode.swift; path = TitleAndAuthorView.swift; sourceTree = "<group>"; };
		11B6ACF125B7439B00B45BC4 /* PHPickerViewController.swift */ = {isa = PBXFileReference; lastKnownFileType = sourcecode.swift; path = PHPickerViewController.swift; sourceTree = "<group>"; };
		11CCABC125ADE0A100BB8D95 /* BookRowView.swift */ = {isa = PBXFileReference; lastKnownFileType = sourcecode.swift; path = BookRowView.swift; sourceTree = "<group>"; };
/* End PBXFileReference section */

/* Begin PBXFrameworksBuildPhase section */
		11659AA025ACC34300F5D7F2 /* Frameworks */ = {
			isa = PBXFrameworksBuildPhase;
			buildActionMask = 2147483647;
			files = (
			);
			runOnlyForDeploymentPostprocessing = 0;
		};
/* End PBXFrameworksBuildPhase section */

/* Begin PBXGroup section */
		11659A9A25ACC34300F5D7F2 = {
			isa = PBXGroup;
			children = (
				11659AA525ACC34300F5D7F2 /* ReadMe */,
				11659AA425ACC34300F5D7F2 /* Products */,
			);
			sourceTree = "<group>";
		};
		11659AA425ACC34300F5D7F2 /* Products */ = {
			isa = PBXGroup;
			children = (
				11659AA325ACC34300F5D7F2 /* ReadMe.app */,
			);
			name = Products;
			sourceTree = "<group>";
		};
		11659AA525ACC34300F5D7F2 /* ReadMe */ = {
			isa = PBXGroup;
			children = (
				11659AA625ACC34300F5D7F2 /* ReadMeApp.swift */,
				116DF60025B714440086BCDA /* Constants */,
				11659ABC25ACC7F700F5D7F2 /* Views */,
				116DF5FA25B7140F0086BCDA /* Models */,
				11659AAA25ACC34500F5D7F2 /* Assets.xcassets */,
				11659AAF25ACC34500F5D7F2 /* Info.plist */,
				11659AAC25ACC34500F5D7F2 /* Preview Content */,
			);
			path = ReadMe;
			sourceTree = "<group>";
		};
		11659AAC25ACC34500F5D7F2 /* Preview Content */ = {
			isa = PBXGroup;
			children = (
				11659AAD25ACC34500F5D7F2 /* Preview Assets.xcassets */,
			);
			path = "Preview Content";
			sourceTree = "<group>";
		};
		11659ABC25ACC7F700F5D7F2 /* Views */ = {
			isa = PBXGroup;
			children = (
				11659AA825ACC34300F5D7F2 /* ContentView.swift */,
				11B6ACF125B7439B00B45BC4 /* PHPickerViewController.swift */,
				11659ABE25ACC80800F5D7F2 /* BookViews.swift */,
				11CCABC125ADE0A100BB8D95 /* BookRowView.swift */,
				11B6ACED25B71CED00B45BC4 /* TitleAndAuthorView.swift */,
				116DF60225B716710086BCDA /* DetailView.swift */,
			);
			path = Views;
			sourceTree = "<group>";
		};
		116DF5FA25B7140F0086BCDA /* Models */ = {
			isa = PBXGroup;
			children = (
				11659AB925ACC71C00F5D7F2 /* Book.swift */,
				116DF5FC25B7141B0086BCDA /* Library.swift */,
			);
			path = Models;
			sourceTree = "<group>";
		};
		116DF60025B714440086BCDA /* Constants */ = {
			isa = PBXGroup;
			children = (
				11659AB625ACC3EC00F5D7F2 /* Constants.swift */,
			);
			path = Constants;
			sourceTree = "<group>";
		};
/* End PBXGroup section */

/* Begin PBXNativeTarget section */
		11659AA225ACC34300F5D7F2 /* ReadMe */ = {
			isa = PBXNativeTarget;
			buildConfigurationList = 11659AB225ACC34500F5D7F2 /* Build configuration list for PBXNativeTarget "ReadMe" */;
			buildPhases = (
				11659A9F25ACC34300F5D7F2 /* Sources */,
				11659AA025ACC34300F5D7F2 /* Frameworks */,
				11659AA125ACC34300F5D7F2 /* Resources */,
			);
			buildRules = (
			);
			dependencies = (
			);
			name = ReadMe;
			productName = ReadMe;
			productReference = 11659AA325ACC34300F5D7F2 /* ReadMe.app */;
			productType = "com.apple.product-type.application";
		};
/* End PBXNativeTarget section */

/* Begin PBXProject section */
		11659A9B25ACC34300F5D7F2 /* Project object */ = {
			isa = PBXProject;
			attributes = {
				LastSwiftUpdateCheck = 1230;
				LastUpgradeCheck = 1230;
				TargetAttributes = {
					11659AA225ACC34300F5D7F2 = {
						CreatedOnToolsVersion = 12.3;
					};
				};
			};
			buildConfigurationList = 11659A9E25ACC34300F5D7F2 /* Build configuration list for PBXProject "ReadMe" */;
			compatibilityVersion = "Xcode 9.3";
			developmentRegion = en;
			hasScannedForEncodings = 0;
			knownRegions = (
				en,
				Base,
			);
			mainGroup = 11659A9A25ACC34300F5D7F2;
			productRefGroup = 11659AA425ACC34300F5D7F2 /* Products */;
			projectDirPath = "";
			projectRoot = "";
			targets = (
				11659AA225ACC34300F5D7F2 /* ReadMe */,
			);
		};
/* End PBXProject section */

/* Begin PBXResourcesBuildPhase section */
		11659AA125ACC34300F5D7F2 /* Resources */ = {
			isa = PBXResourcesBuildPhase;
			buildActionMask = 2147483647;
			files = (
				11659AAE25ACC34500F5D7F2 /* Preview Assets.xcassets in Resources */,
				11659AAB25ACC34500F5D7F2 /* Assets.xcassets in Resources */,
			);
			runOnlyForDeploymentPostprocessing = 0;
		};
/* End PBXResourcesBuildPhase section */

/* Begin PBXSourcesBuildPhase section */
		11659A9F25ACC34300F5D7F2 /* Sources */ = {
			isa = PBXSourcesBuildPhase;
			buildActionMask = 2147483647;
			files = (
				11659ABA25ACC71C00F5D7F2 /* Book.swift in Sources */,
				116DF60325B716710086BCDA /* DetailView.swift in Sources */,
				11659AA925ACC34300F5D7F2 /* ContentView.swift in Sources */,
				11B6ACEE25B71CED00B45BC4 /* TitleAndAuthorView.swift in Sources */,
				11659ABF25ACC80800F5D7F2 /* BookViews.swift in Sources */,
				11659AA725ACC34300F5D7F2 /* ReadMeApp.swift in Sources */,
				116DF5FD25B7141B0086BCDA /* Library.swift in Sources */,
				11CCABC225ADE0A100BB8D95 /* BookRowView.swift in Sources */,
				11B6ACF225B7439B00B45BC4 /* PHPickerViewController.swift in Sources */,
				11659AB725ACC3EC00F5D7F2 /* Constants.swift in Sources */,
			);
			runOnlyForDeploymentPostprocessing = 0;
		};
/* End PBXSourcesBuildPhase section */

/* Begin XCBuildConfiguration section */
		11659AB025ACC34500F5D7F2 /* Debug */ = {
			isa = XCBuildConfiguration;
			buildSettings = {
				ALWAYS_SEARCH_USER_PATHS = NO;
				CLANG_ANALYZER_NONNULL = YES;
				CLANG_ANALYZER_NUMBER_OBJECT_CONVERSION = YES_AGGRESSIVE;
				CLANG_CXX_LANGUAGE_STANDARD = "gnu++14";
				CLANG_CXX_LIBRARY = "libc++";
				CLANG_ENABLE_MODULES = YES;
				CLANG_ENABLE_OBJC_ARC = YES;
				CLANG_ENABLE_OBJC_WEAK = YES;
				CLANG_WARN_BLOCK_CAPTURE_AUTORELEASING = YES;
				CLANG_WARN_BOOL_CONVERSION = YES;
				CLANG_WARN_COMMA = YES;
				CLANG_WARN_CONSTANT_CONVERSION = YES;
				CLANG_WARN_DEPRECATED_OBJC_IMPLEMENTATIONS = YES;
				CLANG_WARN_DIRECT_OBJC_ISA_USAGE = YES_ERROR;
				CLANG_WARN_DOCUMENTATION_COMMENTS = YES;
				CLANG_WARN_EMPTY_BODY = YES;
				CLANG_WARN_ENUM_CONVERSION = YES;
				CLANG_WARN_INFINITE_RECURSION = YES;
				CLANG_WARN_INT_CONVERSION = YES;
				CLANG_WARN_NON_LITERAL_NULL_CONVERSION = YES;
				CLANG_WARN_OBJC_IMPLICIT_RETAIN_SELF = YES;
				CLANG_WARN_OBJC_LITERAL_CONVERSION = YES;
				CLANG_WARN_OBJC_ROOT_CLASS = YES_ERROR;
				CLANG_WARN_QUOTED_INCLUDE_IN_FRAMEWORK_HEADER = YES;
				CLANG_WARN_RANGE_LOOP_ANALYSIS = YES;
				CLANG_WARN_STRICT_PROTOTYPES = YES;
				CLANG_WARN_SUSPICIOUS_MOVE = YES;
				CLANG_WARN_UNGUARDED_AVAILABILITY = YES_AGGRESSIVE;
				CLANG_WARN_UNREACHABLE_CODE = YES;
				CLANG_WARN__DUPLICATE_METHOD_MATCH = YES;
				COPY_PHASE_STRIP = NO;
				DEBUG_INFORMATION_FORMAT = dwarf;
				ENABLE_STRICT_OBJC_MSGSEND = YES;
				ENABLE_TESTABILITY = YES;
				GCC_C_LANGUAGE_STANDARD = gnu11;
				GCC_DYNAMIC_NO_PIC = NO;
				GCC_NO_COMMON_BLOCKS = YES;
				GCC_OPTIMIZATION_LEVEL = 0;
				GCC_PREPROCESSOR_DEFINITIONS = (
					"DEBUG=1",
					"$(inherited)",
				);
				GCC_WARN_64_TO_32_BIT_CONVERSION = YES;
				GCC_WARN_ABOUT_RETURN_TYPE = YES_ERROR;
				GCC_WARN_UNDECLARED_SELECTOR = YES;
				GCC_WARN_UNINITIALIZED_AUTOS = YES_AGGRESSIVE;
				GCC_WARN_UNUSED_FUNCTION = YES;
				GCC_WARN_UNUSED_VARIABLE = YES;
				IPHONEOS_DEPLOYMENT_TARGET = 14.3;
				MTL_ENABLE_DEBUG_INFO = INCLUDE_SOURCE;
				MTL_FAST_MATH = YES;
				ONLY_ACTIVE_ARCH = YES;
				SDKROOT = iphoneos;
				SWIFT_ACTIVE_COMPILATION_CONDITIONS = DEBUG;
				SWIFT_OPTIMIZATION_LEVEL = "-Onone";
			};
			name = Debug;
		};
		11659AB125ACC34500F5D7F2 /* Release */ = {
			isa = XCBuildConfiguration;
			buildSettings = {
				ALWAYS_SEARCH_USER_PATHS = NO;
				CLANG_ANALYZER_NONNULL = YES;
				CLANG_ANALYZER_NUMBER_OBJECT_CONVERSION = YES_AGGRESSIVE;
				CLANG_CXX_LANGUAGE_STANDARD = "gnu++14";
				CLANG_CXX_LIBRARY = "libc++";
				CLANG_ENABLE_MODULES = YES;
				CLANG_ENABLE_OBJC_ARC = YES;
				CLANG_ENABLE_OBJC_WEAK = YES;
				CLANG_WARN_BLOCK_CAPTURE_AUTORELEASING = YES;
				CLANG_WARN_BOOL_CONVERSION = YES;
				CLANG_WARN_COMMA = YES;
				CLANG_WARN_CONSTANT_CONVERSION = YES;
				CLANG_WARN_DEPRECATED_OBJC_IMPLEMENTATIONS = YES;
				CLANG_WARN_DIRECT_OBJC_ISA_USAGE = YES_ERROR;
				CLANG_WARN_DOCUMENTATION_COMMENTS = YES;
				CLANG_WARN_EMPTY_BODY = YES;
				CLANG_WARN_ENUM_CONVERSION = YES;
				CLANG_WARN_INFINITE_RECURSION = YES;
				CLANG_WARN_INT_CONVERSION = YES;
				CLANG_WARN_NON_LITERAL_NULL_CONVERSION = YES;
				CLANG_WARN_OBJC_IMPLICIT_RETAIN_SELF = YES;
				CLANG_WARN_OBJC_LITERAL_CONVERSION = YES;
				CLANG_WARN_OBJC_ROOT_CLASS = YES_ERROR;
				CLANG_WARN_QUOTED_INCLUDE_IN_FRAMEWORK_HEADER = YES;
				CLANG_WARN_RANGE_LOOP_ANALYSIS = YES;
				CLANG_WARN_STRICT_PROTOTYPES = YES;
				CLANG_WARN_SUSPICIOUS_MOVE = YES;
				CLANG_WARN_UNGUARDED_AVAILABILITY = YES_AGGRESSIVE;
				CLANG_WARN_UNREACHABLE_CODE = YES;
				CLANG_WARN__DUPLICATE_METHOD_MATCH = YES;
				COPY_PHASE_STRIP = NO;
				DEBUG_INFORMATION_FORMAT = "dwarf-with-dsym";
				ENABLE_NS_ASSERTIONS = NO;
				ENABLE_STRICT_OBJC_MSGSEND = YES;
				GCC_C_LANGUAGE_STANDARD = gnu11;
				GCC_NO_COMMON_BLOCKS = YES;
				GCC_WARN_64_TO_32_BIT_CONVERSION = YES;
				GCC_WARN_ABOUT_RETURN_TYPE = YES_ERROR;
				GCC_WARN_UNDECLARED_SELECTOR = YES;
				GCC_WARN_UNINITIALIZED_AUTOS = YES_AGGRESSIVE;
				GCC_WARN_UNUSED_FUNCTION = YES;
				GCC_WARN_UNUSED_VARIABLE = YES;
				IPHONEOS_DEPLOYMENT_TARGET = 14.3;
				MTL_ENABLE_DEBUG_INFO = NO;
				MTL_FAST_MATH = YES;
				SDKROOT = iphoneos;
				SWIFT_COMPILATION_MODE = wholemodule;
				SWIFT_OPTIMIZATION_LEVEL = "-O";
				VALIDATE_PRODUCT = YES;
			};
			name = Release;
		};
		11659AB325ACC34500F5D7F2 /* Debug */ = {
			isa = XCBuildConfiguration;
			buildSettings = {
				ASSETCATALOG_COMPILER_APPICON_NAME = AppIcon;
				ASSETCATALOG_COMPILER_GLOBAL_ACCENT_COLOR_NAME = AccentColor;
				CODE_SIGN_STYLE = Automatic;
				DEVELOPMENT_ASSET_PATHS = "\"ReadMe/Preview Content\"";
				DEVELOPMENT_TEAM = C6DQVPTV2K;
				ENABLE_PREVIEWS = YES;
				INFOPLIST_FILE = ReadMe/Info.plist;
				IPHONEOS_DEPLOYMENT_TARGET = 14.0;
				LD_RUNPATH_SEARCH_PATHS = (
					"$(inherited)",
					"@executable_path/Frameworks",
				);
				PRODUCT_BUNDLE_IDENTIFIER = uk.co.rickbrown.ReadMe;
				PRODUCT_NAME = "$(TARGET_NAME)";
				SWIFT_VERSION = 5.0;
				TARGETED_DEVICE_FAMILY = "1,2";
			};
			name = Debug;
		};
		11659AB425ACC34500F5D7F2 /* Release */ = {
			isa = XCBuildConfiguration;
			buildSettings = {
				ASSETCATALOG_COMPILER_APPICON_NAME = AppIcon;
				ASSETCATALOG_COMPILER_GLOBAL_ACCENT_COLOR_NAME = AccentColor;
				CODE_SIGN_STYLE = Automatic;
				DEVELOPMENT_ASSET_PATHS = "\"ReadMe/Preview Content\"";
				DEVELOPMENT_TEAM = C6DQVPTV2K;
				ENABLE_PREVIEWS = YES;
				INFOPLIST_FILE = ReadMe/Info.plist;
				IPHONEOS_DEPLOYMENT_TARGET = 14.0;
				LD_RUNPATH_SEARCH_PATHS = (
					"$(inherited)",
					"@executable_path/Frameworks",
				);
				PRODUCT_BUNDLE_IDENTIFIER = uk.co.rickbrown.ReadMe;
				PRODUCT_NAME = "$(TARGET_NAME)";
				SWIFT_VERSION = 5.0;
				TARGETED_DEVICE_FAMILY = "1,2";
			};
			name = Release;
		};
/* End XCBuildConfiguration section */

/* Begin XCConfigurationList section */
		11659A9E25ACC34300F5D7F2 /* Build configuration list for PBXProject "ReadMe" */ = {
			isa = XCConfigurationList;
			buildConfigurations = (
				11659AB025ACC34500F5D7F2 /* Debug */,
				11659AB125ACC34500F5D7F2 /* Release */,
			);
			defaultConfigurationIsVisible = 0;
			defaultConfigurationName = Release;
		};
		11659AB225ACC34500F5D7F2 /* Build configuration list for PBXNativeTarget "ReadMe" */ = {
			isa = XCConfigurationList;
			buildConfigurations = (
				11659AB325ACC34500F5D7F2 /* Debug */,
				11659AB425ACC34500F5D7F2 /* Release */,
			);
			defaultConfigurationIsVisible = 0;
			defaultConfigurationName = Release;
		};
/* End XCConfigurationList section */
	};
	rootObject = 11659A9B25ACC34300F5D7F2 /* Project object */;
}
